{
  "originHash" : "f7488e2f99b536b1e14c147398a743faa7c26126e9c44090fe78d6efe7e5bba3",
  "pins" : [
    {
      "identity" : "ios-moneyoyo-ad-sdk",
      "kind" : "remoteSourceControl",
      "location" : "https://github.com/Moneyoyo/ios-moneyoyo-ad-sdk",
      "state" : {
        "revision" : "4cafea044bc24d24137e6083aa04db1c713f501e",
        "version" : "0.1.1"
      }
    }
  ],
  "version" : 3
}
